# This file was autogenerated by Stack.
# You should not edit this file by hand.
# For more information, please see the documentation at:
#   https://docs.haskellstack.org/en/stable/lock_files

packages:
- completed:
    hackage: brick-2.1.1@sha256:ff36d64f1027eac17a14a83de053067413accb58b79e5002dce2a79cb8a3dcb3,17385
    pantry-tree:
      sha256: c70beaff3ad9126bc2a9a57649ef63becd534b7eb6b015092cb28437fe3f916d
      size: 4671
  original:
    hackage: brick-2.1.1@sha256:ff36d64f1027eac17a14a83de053067413accb58b79e5002dce2a79cb8a3dcb3,17385
- completed:
    hackage: vty-6.0@sha256:3c4ee4ffd6e38720e227c45e85eb91ff611125dbff178e9f2fadc993160e1464,3661
    pantry-tree:
      sha256: 3475a1ae91d416fb39a65789519af72fe257398d2a5dde3775d28c3effaaac25
      size: 2104
  original:
    hackage: vty-6.0
- completed:
    hackage: vty-crossplatform-0.2.0.0@sha256:6dc6b72ba2fe63f0af582a501ab133a69f49fb75fef3ad7a870412472be077ec,3161
    pantry-tree:
      sha256: fa4d7ef01318bd3a599f7705cefd06f8144ad185d9fb076566ee7dac11c27ce6
      size: 582
  original:
    hackage: vty-crossplatform-0.2.0.0
- completed:
    hackage: vty-unix-0.1.0.0@sha256:8d1dd971d49b4d3575ec76994a8dd5d330d7b81a30ece40344ee170d73a28ac3,2932
    pantry-tree:
      sha256: 4d19b54f88bbd031f2f764c23daef5f30a61ef9be23b11a5825657fd42468fb7
      size: 1925
  original:
    hackage: vty-unix-0.1.0.0
- completed:
    hackage: directory-1.3.7.1@sha256:7d16bf127fb303bd69d9c433bb146c5815f9690933af1d5a6ee45dea2e536dc5,2971
    pantry-tree:
      sha256: 8fe5d578685d85c0cdb6cd6f342fe85b99968055a6e70802fcaad56caa1f6362
      size: 3503
  original:
    hackage: directory-1.3.7.1
- completed:
    hackage: cursor-0.3.2.0@sha256:f740872c165f2ab9dd386faa52eb167843379a484ac0482b630a2043ca9e9234,1656
    pantry-tree:
      sha256: cb9810744a8c78dc41d1121c48d32eb1d3cd583184a4eb146db2ea3fa0baaea2
      size: 1720
  original:
    hackage: cursor-0.3.2.0
snapshots:
- completed:
    sha256: fb482b8e2d5d061cdda4ba1da2957c012740c893a5ee1c1b99001adae7b1fbe7
    size: 640046
    url: https://raw.githubusercontent.com/commercialhaskell/stackage-snapshots/master/lts/21/19.yaml
  original:
    url: https://raw.githubusercontent.com/commercialhaskell/stackage-snapshots/master/lts/21/19.yaml
